Microsoft Visual Studio Solution File, Format Version 12.00
# Visual Studio Version 17
VisualStudioVersion = 17.5.2.0
MinimumVisualStudioVersion = 10.0.40219.1
Project("{2150E333-8FDC-42A3-9474-1A3956D46DE8}") = "backend", "backend", "{1AE8ACA6-933B-BF2A-3671-3E2EAC007D16}"
EndProject
Project("{FAE04EC0-301F-11D3-BF4B-00C04F79EFBC}") = "GastosControl.Api", "backend\GastosControl.Api\GastosControl.Api.csproj", "{DD599F97-5921-CEC2-67A2-7D43843194AB}"
EndProject
Global
	GlobalSection(SolutionConfigurationPlatforms) = preSolution
		Debug|Any CPU = Debug|Any CPU
		Release|Any CPU = Release|Any CPU
	EndGlobalSection
	GlobalSection(ProjectConfigurationPlatforms) = postSolution
		{DD599F97-5921-CEC2-67A2-7D43843194AB}.Debug|Any CPU.ActiveCfg = Debug|Any CPU
		{DD599F97-5921-CEC2-67A2-7D43843194AB}.Debug|Any CPU.Build.0 = Debug|Any CPU
		{DD599F97-5921-CEC2-67A2-7D43843194AB}.Release|Any CPU.ActiveCfg = Release|Any CPU
		{DD599F97-5921-CEC2-67A2-7D43843194AB}.Release|Any CPU.Build.0 = Release|Any CPU
	EndGlobalSection
	GlobalSection(SolutionProperties) = preSolution
		HideSolutionNode = FALSE
	EndGlobalSection
	GlobalSection(NestedProjects) = preSolution
		{DD599F97-5921-CEC2-67A2-7D43843194AB} = {1AE8ACA6-933B-BF2A-3671-3E2EAC007D16}
	EndGlobalSection
	GlobalSection(ExtensibilityGlobals) = postSolution
		SolutionGuid = {61674FEC-17C2-45F5-8BB0-9C30D634A4EE}
	EndGlobalSection
EndGlobal
